// !$*UTF8*$!
{
	archiveVersion = 1;
	classes = {
	};
	objectVersion = 46;
	objects = {

/* Begin PBXBuildFile section */
		7B4530981C74E143000A2BD0 /* AppDelegate.swift in Sources */ = {isa = PBXBuildFile; fileRef = 7B4530971C74E143000A2BD0 /* AppDelegate.swift */; };
		7B45309B1C74E144000A2BD0 /* QuotePro.xcdatamodeld in Sources */ = {isa = PBXBuildFile; fileRef = 7B4530991C74E143000A2BD0 /* QuotePro.xcdatamodeld */; };
		7B45309D1C74E144000A2BD0 /* MasterViewController.swift in Sources */ = {isa = PBXBuildFile; fileRef = 7B45309C1C74E144000A2BD0 /* MasterViewController.swift */; };
		7B45309F1C74E144000A2BD0 /* DetailViewController.swift in Sources */ = {isa = PBXBuildFile; fileRef = 7B45309E1C74E144000A2BD0 /* DetailViewController.swift */; };
		7B4530A21C74E144000A2BD0 /* Main.storyboard in Resources */ = {isa = PBXBuildFile; fileRef = 7B4530A01C74E144000A2BD0 /* Main.storyboard */; };
		7B4530A41C74E144000A2BD0 /* Assets.xcassets in Resources */ = {isa = PBXBuildFile; fileRef = 7B4530A31C74E144000A2BD0 /* Assets.xcassets */; };
		7B4530A71C74E144000A2BD0 /* LaunchScreen.storyboard in Resources */ = {isa = PBXBuildFile; fileRef = 7B4530A51C74E144000A2BD0 /* LaunchScreen.storyboard */; };
		7B4530B21C74E144000A2BD0 /* QuoteProTests.swift in Sources */ = {isa = PBXBuildFile; fileRef = 7B4530B11C74E144000A2BD0 /* QuoteProTests.swift */; };
		7B4530BD1C74E144000A2BD0 /* QuoteProUITests.swift in Sources */ = {isa = PBXBuildFile; fileRef = 7B4530BC1C74E144000A2BD0 /* QuoteProUITests.swift */; };
/* End PBXBuildFile section */

/* Begin PBXContainerItemProxy section */
		7B4530AE1C74E144000A2BD0 /* PBXContainerItemProxy */ = {
			isa = PBXContainerItemProxy;
			containerPortal = 7B45308C1C74E143000A2BD0 /* Project object */;
			proxyType = 1;
			remoteGlobalIDString = 7B4530931C74E143000A2BD0;
			remoteInfo = QuotePro;
		};
		7B4530B91C74E144000A2BD0 /* PBXContainerItemProxy */ = {
			isa = PBXContainerItemProxy;
			containerPortal = 7B45308C1C74E143000A2BD0 /* Project object */;
			proxyType = 1;
			remoteGlobalIDString = 7B4530931C74E143000A2BD0;
			remoteInfo = QuotePro;
		};
/* End PBXContainerItemProxy section */

/* Begin PBXFileReference section */
		7B4530941C74E143000A2BD0 /* QuotePro.app */ = {isa = PBXFileReference; explicitFileType = wrapper.application; includeInIndex = 0; path = QuotePro.app; sourceTree = BUILT_PRODUCTS_DIR; };
		7B4530971C74E143000A2BD0 /* AppDelegate.swift */ = {isa = PBXFileReference; lastKnownFileType = sourcecode.swift; path = AppDelegate.swift; sourceTree = "<group>"; };
		7B45309A1C74E144000A2BD0 /* QuotePro.xcdatamodel */ = {isa = PBXFileReference; lastKnownFileType = wrapper.xcdatamodel; path = QuotePro.xcdatamodel; sourceTree = "<group>"; };
		7B45309C1C74E144000A2BD0 /* MasterViewController.swift */ = {isa = PBXFileReference; lastKnownFileType = sourcecode.swift; path = MasterViewController.swift; sourceTree = "<group>"; };
		7B45309E1C74E144000A2BD0 /* DetailViewController.swift */ = {isa = PBXFileReference; lastKnownFileType = sourcecode.swift; path = DetailViewController.swift; sourceTree = "<group>"; };
		7B4530A11C74E144000A2BD0 /* Base */ = {isa = PBXFileReference; lastKnownFileType = file.storyboard; name = Base; path = Base.lproj/Main.storyboard; sourceTree = "<group>"; };
		7B4530A31C74E144000A2BD0 /* Assets.xcassets */ = {isa = PBXFileReference; lastKnownFileType = folder.assetcatalog; path = Assets.xcassets; sourceTree = "<group>"; };
		7B4530A61C74E144000A2BD0 /* Base */ = {isa = PBXFileReference; lastKnownFileType = file.storyboard; name = Base; path = Base.lproj/LaunchScreen.storyboard; sourceTree = "<group>"; };
		7B4530A81C74E144000A2BD0 /* Info.plist */ = {isa = PBXFileReference; lastKnownFileType = text.plist.xml; path = Info.plist; sourceTree = "<group>"; };
		7B4530AD1C74E144000A2BD0 /* QuoteProTests.xctest */ = {isa = PBXFileReference; explicitFileType = wrapper.cfbundle; includeInIndex = 0; path = QuoteProTests.xctest; sourceTree = BUILT_PRODUCTS_DIR; };
		7B4530B11C74E144000A2BD0 /* QuoteProTests.swift */ = {isa = PBXFileReference; lastKnownFileType = sourcecode.swift; path = QuoteProTests.swift; sourceTree = "<group>"; };
		7B4530B31C74E144000A2BD0 /* Info.plist */ = {isa = PBXFileReference; lastKnownFileType = text.plist.xml; path = Info.plist; sourceTree = "<group>"; };
		7B4530B81C74E144000A2BD0 /* QuoteProUITests.xctest */ = {isa = PBXFileReference; explicitFileType = wrapper.cfbundle; includeInIndex = 0; path = QuoteProUITests.xctest; sourceTree = BUILT_PRODUCTS_DIR; };
		7B4530BC1C74E144000A2BD0 /* QuoteProUITests.swift */ = {isa = PBXFileReference; lastKnownFileType = sourcecode.swift; path = QuoteProUITests.swift; sourceTree = "<group>"; };
		7B4530BE1C74E144000A2BD0 /* Info.plist */ = {isa = PBXFileReference; lastKnownFileType = text.plist.xml; path = Info.plist; sourceTree = "<group>"; };
/* End PBXFileReference section */

/* Begin PBXFrameworksBuildPhase section */
		7B4530911C74E143000A2BD0 /* Frameworks */ = {
			isa = PBXFrameworksBuildPhase;
			buildActionMask = 2147483647;
			files = (
			);
			runOnlyForDeploymentPostprocessing = 0;
		};
		7B4530AA1C74E144000A2BD0 /* Frameworks */ = {
			isa = PBXFrameworksBuildPhase;
			buildActionMask = 2147483647;
			files = (
			);
			runOnlyForDeploymentPostprocessing = 0;
		};
		7B4530B51C74E144000A2BD0 /* Frameworks */ = {
			isa = PBXFrameworksBuildPhase;
			buildActionMask = 2147483647;
			files = (
			);
			runOnlyForDeploymentPostprocessing = 0;
		};
/* End PBXFrameworksBuildPhase section */

/* Begin PBXGroup section */
		7B45308B1C74E143000A2BD0 = {
			isa = PBXGroup;
			children = (
				7B4530961C74E143000A2BD0 /* QuotePro */,
				7B4530B01C74E144000A2BD0 /* QuoteProTests */,
				7B4530BB1C74E144000A2BD0 /* QuoteProUITests */,
				7B4530951C74E143000A2BD0 /* Products */,
			);
			sourceTree = "<group>";
		};
		7B4530951C74E143000A2BD0 /* Products */ = {
			isa = PBXGroup;
			children = (
				7B4530941C74E143000A2BD0 /* QuotePro.app */,
				7B4530AD1C74E144000A2BD0 /* QuoteProTests.xctest */,
				7B4530B81C74E144000A2BD0 /* QuoteProUITests.xctest */,
			);
			name = Products;
			sourceTree = "<group>";
		};
		7B4530961C74E143000A2BD0 /* QuotePro */ = {
			isa = PBXGroup;
			children = (
				7B4530971C74E143000A2BD0 /* AppDelegate.swift */,
				7B45309C1C74E144000A2BD0 /* MasterViewController.swift */,
				7B45309E1C74E144000A2BD0 /* DetailViewController.swift */,
				7B4530A01C74E144000A2BD0 /* Main.storyboard */,
				7B4530A31C74E144000A2BD0 /* Assets.xcassets */,
				7B4530A51C74E144000A2BD0 /* LaunchScreen.storyboard */,
				7B4530A81C74E144000A2BD0 /* Info.plist */,
				7B4530991C74E143000A2BD0 /* QuotePro.xcdatamodeld */,
			);
			path = QuotePro;
			sourceTree = "<group>";
		};
		7B4530B01C74E144000A2BD0 /* QuoteProTests */ = {
			isa = PBXGroup;
			children = (
				7B4530B11C74E144000A2BD0 /* QuoteProTests.swift */,
				7B4530B31C74E144000A2BD0 /* Info.plist */,
			);
			path = QuoteProTests;
			sourceTree = "<group>";
		};
		7B4530BB1C74E144000A2BD0 /* QuoteProUITests */ = {
			isa = PBXGroup;
			children = (
				7B4530BC1C74E144000A2BD0 /* QuoteProUITests.swift */,
				7B4530BE1C74E144000A2BD0 /* Info.plist */,
			);
			path = QuoteProUITests;
			sourceTree = "<group>";
		};
/* End PBXGroup section */

/* Begin PBXNativeTarget section */
		7B4530931C74E143000A2BD0 /* QuotePro */ = {
			isa = PBXNativeTarget;
			buildConfigurationList = 7B4530C11C74E144000A2BD0 /* Build configuration list for PBXNativeTarget "QuotePro" */;
			buildPhases = (
				7B4530901C74E143000A2BD0 /* Sources */,
				7B4530911C74E143000A2BD0 /* Frameworks */,
				7B4530921C74E143000A2BD0 /* Resources */,
			);
			buildRules = (
			);
			dependencies = (
			);
			name = QuotePro;
			productName = QuotePro;
			productReference = 7B4530941C74E143000A2BD0 /* QuotePro.app */;
			productType = "com.apple.product-type.application";
		};
		7B4530AC1C74E144000A2BD0 /* QuoteProTests */ = {
			isa = PBXNativeTarget;
			buildConfigurationList = 7B4530C41C74E144000A2BD0 /* Build configuration list for PBXNativeTarget "QuoteProTests" */;
			buildPhases = (
				7B4530A91C74E144000A2BD0 /* Sources */,
				7B4530AA1C74E144000A2BD0 /* Frameworks */,
				7B4530AB1C74E144000A2BD0 /* Resources */,
			);
			buildRules = (
			);
			dependencies = (
				7B4530AF1C74E144000A2BD0 /* PBXTargetDependency */,
			);
			name = QuoteProTests;
			productName = QuoteProTests;
			productReference = 7B4530AD1C74E144000A2BD0 /* QuoteProTests.xctest */;
			productType = "com.apple.product-type.bundle.unit-test";
		};
		7B4530B71C74E144000A2BD0 /* QuoteProUITests */ = {
			isa = PBXNativeTarget;
			buildConfigurationList = 7B4530C71C74E144000A2BD0 /* Build configuration list for PBXNativeTarget "QuoteProUITests" */;
			buildPhases = (
				7B4530B41C74E144000A2BD0 /* Sources */,
				7B4530B51C74E144000A2BD0 /* Frameworks */,
				7B4530B61C74E144000A2BD0 /* Resources */,
			);
			buildRules = (
			);
			dependencies = (
				7B4530BA1C74E144000A2BD0 /* PBXTargetDependency */,
			);
			name = QuoteProUITests;
			productName = QuoteProUITests;
			productReference = 7B4530B81C74E144000A2BD0 /* QuoteProUITests.xctest */;
			productType = "com.apple.product-type.bundle.ui-testing";
		};
/* End PBXNativeTarget section */

/* Begin PBXProject section */
		7B45308C1C74E143000A2BD0 /* Project object */ = {
			isa = PBXProject;
			attributes = {
				LastSwiftUpdateCheck = 0720;
				LastUpgradeCheck = 0720;
				ORGANIZATIONNAME = "Anthony Tulai";
				TargetAttributes = {
					7B4530931C74E143000A2BD0 = {
						CreatedOnToolsVersion = 7.2.1;
					};
					7B4530AC1C74E144000A2BD0 = {
						CreatedOnToolsVersion = 7.2.1;
						TestTargetID = 7B4530931C74E143000A2BD0;
					};
					7B4530B71C74E144000A2BD0 = {
						CreatedOnToolsVersion = 7.2.1;
						TestTargetID = 7B4530931C74E143000A2BD0;
					};
				};
			};
			buildConfigurationList = 7B45308F1C74E143000A2BD0 /* Build configuration list for PBXProject "QuotePro" */;
			compatibilityVersion = "Xcode 3.2";
			developmentRegion = English;
			hasScannedForEncodings = 0;
			knownRegions = (
				en,
				Base,
			);
			mainGroup = 7B45308B1C74E143000A2BD0;
			productRefGroup = 7B4530951C74E143000A2BD0 /* Products */;
			projectDirPath = "";
			projectRoot = "";
			targets = (
				7B4530931C74E143000A2BD0 /* QuotePro */,
				7B4530AC1C74E144000A2BD0 /* QuoteProTests */,
				7B4530B71C74E144000A2BD0 /* QuoteProUITests */,
			);
		};
/* End PBXProject section */

/* Begin PBXResourcesBuildPhase section */
		7B4530921C74E143000A2BD0 /* Resources */ = {
			isa = PBXResourcesBuildPhase;
			buildActionMask = 2147483647;
			files = (
				7B4530A71C74E144000A2BD0 /* LaunchScreen.storyboard in Resources */,
				7B4530A41C74E144000A2BD0 /* Assets.xcassets in Resources */,
				7B4530A21C74E144000A2BD0 /* Main.storyboard in Resources */,
			);
			runOnlyForDeploymentPostprocessing = 0;
		};
		7B4530AB1C74E144000A2BD0 /* Resources */ = {
			isa = PBXResourcesBuildPhase;
			buildActionMask = 2147483647;
			files = (
			);
			runOnlyForDeploymentPostprocessing = 0;
		};
		7B4530B61C74E144000A2BD0 /* Resources */ = {
			isa = PBXResourcesBuildPhase;
			buildActionMask = 2147483647;
			files = (
			);
			runOnlyForDeploymentPostprocessing = 0;
		};
/* End PBXResourcesBuildPhase section */

/* Begin PBXSourcesBuildPhase section */
		7B4530901C74E143000A2BD0 /* Sources */ = {
			isa = PBXSourcesBuildPhase;
			buildActionMask = 2147483647;
			files = (
				7B45309B1C74E144000A2BD0 /* QuotePro.xcdatamodeld in Sources */,
				7B4530981C74E143000A2BD0 /* AppDelegate.swift in Sources */,
				7B45309D1C74E144000A2BD0 /* MasterViewController.swift in Sources */,
				7B45309F1C74E144000A2BD0 /* DetailViewController.swift in Sources */,
			);
			runOnlyForDeploymentPostprocessing = 0;
		};
		7B4530A91C74E144000A2BD0 /* Sources */ = {
			isa = PBXSourcesBuildPhase;
			buildActionMask = 2147483647;
			files = (
				7B4530B21C74E144000A2BD0 /* QuoteProTests.swift in Sources */,
			);
			runOnlyForDeploymentPostprocessing = 0;
		};
		7B4530B41C74E144000A2BD0 /* Sources */ = {
			isa = PBXSourcesBuildPhase;
			buildActionMask = 2147483647;
			files = (
				7B4530BD1C74E144000A2BD0 /* QuoteProUITests.swift in Sources */,
			);
			runOnlyForDeploymentPostprocessing = 0;
		};
/* End PBXSourcesBuildPhase section */

/* Begin PBXTargetDependency section */
		7B4530AF1C74E144000A2BD0 /* PBXTargetDependency */ = {
			isa = PBXTargetDependency;
			target = 7B4530931C74E143000A2BD0 /* QuotePro */;
			targetProxy = 7B4530AE1C74E144000A2BD0 /* PBXContainerItemProxy */;
		};
		7B4530BA1C74E144000A2BD0 /* PBXTargetDependency */ = {
			isa = PBXTargetDependency;
			target = 7B4530931C74E143000A2BD0 /* QuotePro */;
			targetProxy = 7B4530B91C74E144000A2BD0 /* PBXContainerItemProxy */;
		};
/* End PBXTargetDependency section */

/* Begin PBXVariantGroup section */
		7B4530A01C74E144000A2BD0 /* Main.storyboard */ = {
			isa = PBXVariantGroup;
			children = (
				7B4530A11C74E144000A2BD0 /* Base */,
			);
			name = Main.storyboard;
			sourceTree = "<group>";
		};
		7B4530A51C74E144000A2BD0 /* LaunchScreen.storyboard */ = {
			isa = PBXVariantGroup;
			children = (
				7B4530A61C74E144000A2BD0 /* Base */,
			);
			name = LaunchScreen.storyboard;
			sourceTree = "<group>";
		};
/* End PBXVariantGroup section */

/* Begin XCBuildConfiguration section */
		7B4530BF1C74E144000A2BD0 /* Debug */ = {
			isa = XCBuildConfiguration;
			buildSettings = {
				ALWAYS_SEARCH_USER_PATHS = NO;
				CLANG_CXX_LANGUAGE_STANDARD = "gnu++0x";
				CLANG_CXX_LIBRARY = "libc++";
				CLANG_ENABLE_MODULES = YES;
				CLANG_ENABLE_OBJC_ARC = YES;
				CLANG_WARN_BOOL_CONVERSION = YES;
				CLANG_WARN_CONSTANT_CONVERSION = YES;
				CLANG_WARN_DIRECT_OBJC_ISA_USAGE = YES_ERROR;
				CLANG_WARN_EMPTY_BODY = YES;
				CLANG_WARN_ENUM_CONVERSION = YES;
				CLANG_WARN_INT_CONVERSION = YES;
				CLANG_WARN_OBJC_ROOT_CLASS = YES_ERROR;
				CLANG_WARN_UNREACHABLE_CODE = YES;
				CLANG_WARN__DUPLICATE_METHOD_MATCH = YES;
				"CODE_SIGN_IDENTITY[sdk=iphoneos*]" = "iPhone Developer";
				COPY_PHASE_STRIP = NO;
				DEBUG_INFORMATION_FORMAT = dwarf;
				ENABLE_STRICT_OBJC_MSGSEND = YES;
				ENABLE_TESTABILITY = YES;
				GCC_C_LANGUAGE_STANDARD = gnu99;
				GCC_DYNAMIC_NO_PIC = NO;
				GCC_NO_COMMON_BLOCKS = YES;
				GCC_OPTIMIZATION_LEVEL = 0;
				GCC_PREPROCESSOR_DEFINITIONS = (
					"DEBUG=1",
					"$(inherited)",
				);
				GCC_WARN_64_TO_32_BIT_CONVERSION = YES;
				GCC_WARN_ABOUT_RETURN_TYPE = YES_ERROR;
				GCC_WARN_UNDECLARED_SELECTOR = YES;
				GCC_WARN_UNINITIALIZED_AUTOS = YES_AGGRESSIVE;
				GCC_WARN_UNUSED_FUNCTION = YES;
				GCC_WARN_UNUSED_VARIABLE = YES;
				IPHONEOS_DEPLOYMENT_TARGET = 9.2;
				MTL_ENABLE_DEBUG_INFO = YES;
				ONLY_ACTIVE_ARCH = YES;
				SDKROOT = iphoneos;
				SWIFT_OPTIMIZATION_LEVEL = "-Onone";
			};
			name = Debug;
		};
		7B4530C01C74E144000A2BD0 /* Release */ = {
			isa = XCBuildConfiguration;
			buildSettings = {
				ALWAYS_SEARCH_USER_PATHS = NO;
				CLANG_CXX_LANGUAGE_STANDARD = "gnu++0x";
				CLANG_CXX_LIBRARY = "libc++";
				CLANG_ENABLE_MODULES = YES;
				CLANG_ENABLE_OBJC_ARC = YES;
				CLANG_WARN_BOOL_CONVERSION = YES;
				CLANG_WARN_CONSTANT_CONVERSION = YES;
				CLANG_WARN_DIRECT_OBJC_ISA_USAGE = YES_ERROR;
				CLANG_WARN_EMPTY_BODY = YES;
				CLANG_WARN_ENUM_CONVERSION = YES;
				CLANG_WARN_INT_CONVERSION = YES;
				CLANG_WARN_OBJC_ROOT_CLASS = YES_ERROR;
				CLANG_WARN_UNREACHABLE_CODE = YES;
				CLANG_WARN__DUPLICATE_METHOD_MATCH = YES;
				"CODE_SIGN_IDENTITY[sdk=iphoneos*]" = "iPhone Developer";
				COPY_PHASE_STRIP = NO;
				DEBUG_INFORMATION_FORMAT = "dwarf-with-dsym";
				ENABLE_NS_ASSERTIONS = NO;
				ENABLE_STRICT_OBJC_MSGSEND = YES;
				GCC_C_LANGUAGE_STANDARD = gnu99;
				GCC_NO_COMMON_BLOCKS = YES;
				GCC_WARN_64_TO_32_BIT_CONVERSION = YES;
				GCC_WARN_ABOUT_RETURN_TYPE = YES_ERROR;
				GCC_WARN_UNDECLARED_SELECTOR = YES;
				GCC_WARN_UNINITIALIZED_AUTOS = YES_AGGRESSIVE;
				GCC_WARN_UNUSED_FUNCTION = YES;
				GCC_WARN_UNUSED_VARIABLE = YES;
				IPHONEOS_DEPLOYMENT_TARGET = 9.2;
				MTL_ENABLE_DEBUG_INFO = NO;
				SDKROOT = iphoneos;
				VALIDATE_PRODUCT = YES;
			};
			name = Release;
		};
		7B4530C21C74E144000A2BD0 /* Debug */ = {
			isa = XCBuildConfiguration;
			buildSettings = {
				ASSETCATALOG_COMPILER_APPICON_NAME = AppIcon;
				INFOPLIST_FILE = QuotePro/Info.plist;
				LD_RUNPATH_SEARCH_PATHS = "$(inherited) @executable_path/Frameworks";
				PRODUCT_BUNDLE_IDENTIFIER = ca.lighthouselabs.QuotePro;
				PRODUCT_NAME = "$(TARGET_NAME)";
			};
			name = Debug;
		};
		7B4530C31C74E144000A2BD0 /* Release */ = {
			isa = XCBuildConfiguration;
			buildSettings = {
				ASSETCATALOG_COMPILER_APPICON_NAME = AppIcon;
				INFOPLIST_FILE = QuotePro/Info.plist;
				LD_RUNPATH_SEARCH_PATHS = "$(inherited) @executable_path/Frameworks";
				PRODUCT_BUNDLE_IDENTIFIER = ca.lighthouselabs.QuotePro;
				PRODUCT_NAME = "$(TARGET_NAME)";
			};
			name = Release;
		};
		7B4530C51C74E144000A2BD0 /* Debug */ = {
			isa = XCBuildConfiguration;
			buildSettings = {
				BUNDLE_LOADER = "$(TEST_HOST)";
				INFOPLIST_FILE = QuoteProTests/Info.plist;
				LD_RUNPATH_SEARCH_PATHS = "$(inherited) @executable_path/Frameworks @loader_path/Frameworks";
				PRODUCT_BUNDLE_IDENTIFIER = ca.lighthouselabs.QuoteProTests;
				PRODUCT_NAME = "$(TARGET_NAME)";
				TEST_HOST = "$(BUILT_PRODUCTS_DIR)/QuotePro.app/QuotePro";
			};
			name = Debug;
		};
		7B4530C61C74E144000A2BD0 /* Release */ = {
			isa = XCBuildConfiguration;
			buildSettings = {
				BUNDLE_LOADER = "$(TEST_HOST)";
				INFOPLIST_FILE = QuoteProTests/Info.plist;
				LD_RUNPATH_SEARCH_PATHS = "$(inherited) @executable_path/Frameworks @loader_path/Frameworks";
				PRODUCT_BUNDLE_IDENTIFIER = ca.lighthouselabs.QuoteProTests;
				PRODUCT_NAME = "$(TARGET_NAME)";
				TEST_HOST = "$(BUILT_PRODUCTS_DIR)/QuotePro.app/QuotePro";
			};
			name = Release;
		};
		7B4530C81C74E144000A2BD0 /* Debug */ = {
			isa = XCBuildConfiguration;
			buildSettings = {
				INFOPLIST_FILE = QuoteProUITests/Info.plist;
				LD_RUNPATH_SEARCH_PATHS = "$(inherited) @executable_path/Frameworks @loader_path/Frameworks";
				PRODUCT_BUNDLE_IDENTIFIER = ca.lighthouselabs.QuoteProUITests;
				PRODUCT_NAME = "$(TARGET_NAME)";
				TEST_TARGET_NAME = QuotePro;
				USES_XCTRUNNER = YES;
			};
			name = Debug;
		};
		7B4530C91C74E144000A2BD0 /* Release */ = {
			isa = XCBuildConfiguration;
			buildSettings = {
				INFOPLIST_FILE = QuoteProUITests/Info.plist;
				LD_RUNPATH_SEARCH_PATHS = "$(inherited) @executable_path/Frameworks @loader_path/Frameworks";
				PRODUCT_BUNDLE_IDENTIFIER = ca.lighthouselabs.QuoteProUITests;
				PRODUCT_NAME = "$(TARGET_NAME)";
				TEST_TARGET_NAME = QuotePro;
				USES_XCTRUNNER = YES;
			};
			name = Release;
		};
/* End XCBuildConfiguration section */

/* Begin XCConfigurationList section */
		7B45308F1C74E143000A2BD0 /* Build configuration list for PBXProject "QuotePro" */ = {
			isa = XCConfigurationList;
			buildConfigurations = (
				7B4530BF1C74E144000A2BD0 /* Debug */,
				7B4530C01C74E144000A2BD0 /* Release */,
			);
			defaultConfigurationIsVisible = 0;
			defaultConfigurationName = Release;
		};
		7B4530C11C74E144000A2BD0 /* Build configuration list for PBXNativeTarget "QuotePro" */ = {
			isa = XCConfigurationList;
			buildConfigurations = (
				7B4530C21C74E144000A2BD0 /* Debug */,
				7B4530C31C74E144000A2BD0 /* Release */,
			);
			defaultConfigurationIsVisible = 0;
		};
		7B4530C41C74E144000A2BD0 /* Build configuration list for PBXNativeTarget "QuoteProTests" */ = {
			isa = XCConfigurationList;
			buildConfigurations = (
				7B4530C51C74E144000A2BD0 /* Debug */,
				7B4530C61C74E144000A2BD0 /* Release */,
			);
			defaultConfigurationIsVisible = 0;
		};
		7B4530C71C74E144000A2BD0 /* Build configuration list for PBXNativeTarget "QuoteProUITests" */ = {
			isa = XCConfigurationList;
			buildConfigurations = (
				7B4530C81C74E144000A2BD0 /* Debug */,
				7B4530C91C74E144000A2BD0 /* Release */,
			);
			defaultConfigurationIsVisible = 0;
		};
/* End XCConfigurationList section */

/* Begin XCVersionGroup section */
		7B4530991C74E143000A2BD0 /* QuotePro.xcdatamodeld */ = {
			isa = XCVersionGroup;
			children = (
				7B45309A1C74E144000A2BD0 /* QuotePro.xcdatamodel */,
			);
			currentVersion = 7B45309A1C74E144000A2BD0 /* QuotePro.xcdatamodel */;
			path = QuotePro.xcdatamodeld;
			sourceTree = "<group>";
			versionGroupType = wrapper.xcdatamodel;
		};
/* End XCVersionGroup section */
	};
	rootObject = 7B45308C1C74E143000A2BD0 /* Project object */;
}
